// !$*UTF8*$!
{
	archiveVersion = 1;
	classes = {
	};
	objectVersion = 46;
	objects = {

/* Begin PBXBuildFile section */
		1800D4711CA1332100D150EE /* main.m in Sources */ = {isa = PBXBuildFile; fileRef = 1800D4701CA1332100D150EE /* main.m */; };
		1800D4741CA1332100D150EE /* AppDelegate.m in Sources */ = {isa = PBXBuildFile; fileRef = 1800D4731CA1332100D150EE /* AppDelegate.m */; };
		1800D47C1CA1332200D150EE /* Assets.xcassets in Resources */ = {isa = PBXBuildFile; fileRef = 1800D47B1CA1332200D150EE /* Assets.xcassets */; };
		1800D47F1CA1332200D150EE /* LaunchScreen.storyboard in Resources */ = {isa = PBXBuildFile; fileRef = 1800D47D1CA1332200D150EE /* LaunchScreen.storyboard */; };
		1800D4881CA137F100D150EE /* PGDrawerViewContainer.m in Sources */ = {isa = PBXBuildFile; fileRef = 1800D4871CA137F100D150EE /* PGDrawerViewContainer.m */; };
		180730091CA27AF200E760AD /* PGDrawerTransition.m in Sources */ = {isa = PBXBuildFile; fileRef = 180730081CA27AF200E760AD /* PGDrawerTransition.m */; };
		180AEA011CAA7E590024FF2D /* ExamCenterViewController.m in Sources */ = {isa = PBXBuildFile; fileRef = 180AEA001CAA7E590024FF2D /* ExamCenterViewController.m */; };
/* End PBXBuildFile section */

/* Begin PBXFileReference section */
		1800D46C1CA1332100D150EE /* PGDrawerExample.app */ = {isa = PBXFileReference; explicitFileType = wrapper.application; includeInIndex = 0; path = PGDrawerExample.app; sourceTree = BUILT_PRODUCTS_DIR; };
		1800D4701CA1332100D150EE /* main.m */ = {isa = PBXFileReference; lastKnownFileType = sourcecode.c.objc; path = main.m; sourceTree = "<group>"; };
		1800D4721CA1332100D150EE /* AppDelegate.h */ = {isa = PBXFileReference; lastKnownFileType = sourcecode.c.h; path = AppDelegate.h; sourceTree = "<group>"; };
		1800D4731CA1332100D150EE /* AppDelegate.m */ = {isa = PBXFileReference; lastKnownFileType = sourcecode.c.objc; path = AppDelegate.m; sourceTree = "<group>"; };
		1800D47B1CA1332200D150EE /* Assets.xcassets */ = {isa = PBXFileReference; lastKnownFileType = folder.assetcatalog; path = Assets.xcassets; sourceTree = "<group>"; };
		1800D47E1CA1332200D150EE /* Base */ = {isa = PBXFileReference; lastKnownFileType = file.storyboard; name = Base; path = Base.lproj/LaunchScreen.storyboard; sourceTree = "<group>"; };
		1800D4801CA1332200D150EE /* Info.plist */ = {isa = PBXFileReference; lastKnownFileType = text.plist.xml; path = Info.plist; sourceTree = "<group>"; };
		1800D4861CA137F100D150EE /* PGDrawerViewContainer.h */ = {isa = PBXFileReference; fileEncoding = 4; lastKnownFileType = sourcecode.c.h; path = PGDrawerViewContainer.h; sourceTree = "<group>"; };
		1800D4871CA137F100D150EE /* PGDrawerViewContainer.m */ = {isa = PBXFileReference; fileEncoding = 4; lastKnownFileType = sourcecode.c.objc; path = PGDrawerViewContainer.m; sourceTree = "<group>"; };
		180730071CA27AF200E760AD /* PGDrawerTransition.h */ = {isa = PBXFileReference; fileEncoding = 4; lastKnownFileType = sourcecode.c.h; path = PGDrawerTransition.h; sourceTree = "<group>"; };
		180730081CA27AF200E760AD /* PGDrawerTransition.m */ = {isa = PBXFileReference; fileEncoding = 4; lastKnownFileType = sourcecode.c.objc; path = PGDrawerTransition.m; sourceTree = "<group>"; };
		180AE9FF1CAA7E590024FF2D /* ExamCenterViewController.h */ = {isa = PBXFileReference; fileEncoding = 4; lastKnownFileType = sourcecode.c.h; path = ExamCenterViewController.h; sourceTree = "<group>"; };
		180AEA001CAA7E590024FF2D /* ExamCenterViewController.m */ = {isa = PBXFileReference; fileEncoding = 4; lastKnownFileType = sourcecode.c.objc; path = ExamCenterViewController.m; sourceTree = "<group>"; };
/* End PBXFileReference section */

/* Begin PBXFrameworksBuildPhase section */
		1800D4691CA1332100D150EE /* Frameworks */ = {
			isa = PBXFrameworksBuildPhase;
			buildActionMask = 2147483647;
			files = (
			);
			runOnlyForDeploymentPostprocessing = 0;
		};
/* End PBXFrameworksBuildPhase section */

/* Begin PBXGroup section */
		1800D4631CA1332100D150EE = {
			isa = PBXGroup;
			children = (
				1800D46E1CA1332100D150EE /* PGDrawerExample */,
				1800D46D1CA1332100D150EE /* Products */,
			);
			sourceTree = "<group>";
		};
		1800D46D1CA1332100D150EE /* Products */ = {
			isa = PBXGroup;
			children = (
				1800D46C1CA1332100D150EE /* PGDrawerExample.app */,
			);
			name = Products;
			sourceTree = "<group>";
		};
		1800D46E1CA1332100D150EE /* PGDrawerExample */ = {
			isa = PBXGroup;
			children = (
				1800D4721CA1332100D150EE /* AppDelegate.h */,
				1800D4731CA1332100D150EE /* AppDelegate.m */,
				180AE9FF1CAA7E590024FF2D /* ExamCenterViewController.h */,
				180AEA001CAA7E590024FF2D /* ExamCenterViewController.m */,
				1800D4861CA137F100D150EE /* PGDrawerViewContainer.h */,
				1800D4871CA137F100D150EE /* PGDrawerViewContainer.m */,
				180730071CA27AF200E760AD /* PGDrawerTransition.h */,
				180730081CA27AF200E760AD /* PGDrawerTransition.m */,
				1800D47B1CA1332200D150EE /* Assets.xcassets */,
				1800D47D1CA1332200D150EE /* LaunchScreen.storyboard */,
				1800D4801CA1332200D150EE /* Info.plist */,
				1800D46F1CA1332100D150EE /* Supporting Files */,
			);
			path = PGDrawerExample;
			sourceTree = "<group>";
		};
		1800D46F1CA1332100D150EE /* Supporting Files */ = {
			isa = PBXGroup;
			children = (
				1800D4701CA1332100D150EE /* main.m */,
			);
			name = "Supporting Files";
			sourceTree = "<group>";
		};
/* End PBXGroup section */

/* Begin PBXNativeTarget section */
		1800D46B1CA1332100D150EE /* PGDrawerExample */ = {
			isa = PBXNativeTarget;
			buildConfigurationList = 1800D4831CA1332200D150EE /* Build configuration list for PBXNativeTarget "PGDrawerExample" */;
			buildPhases = (
				1800D4681CA1332100D150EE /* Sources */,
				1800D4691CA1332100D150EE /* Frameworks */,
				1800D46A1CA1332100D150EE /* Resources */,
			);
			buildRules = (
			);
			dependencies = (
			);
			name = PGDrawerExample;
			productName = PGDrawerExample;
			productReference = 1800D46C1CA1332100D150EE /* PGDrawerExample.app */;
			productType = "com.apple.product-type.application";
		};
/* End PBXNativeTarget section */

/* Begin PBXProject section */
		1800D4641CA1332100D150EE /* Project object */ = {
			isa = PBXProject;
			attributes = {
				LastUpgradeCheck = 0720;
				ORGANIZATIONNAME = suwan;
				TargetAttributes = {
					1800D46B1CA1332100D150EE = {
						CreatedOnToolsVersion = 7.2.1;
					};
				};
			};
			buildConfigurationList = 1800D4671CA1332100D150EE /* Build configuration list for PBXProject "PGDrawerExample" */;
			compatibilityVersion = "Xcode 3.2";
			developmentRegion = English;
			hasScannedForEncodings = 0;
			knownRegions = (
				en,
				Base,
			);
			mainGroup = 1800D4631CA1332100D150EE;
			productRefGroup = 1800D46D1CA1332100D150EE /* Products */;
			projectDirPath = "";
			projectRoot = "";
			targets = (
				1800D46B1CA1332100D150EE /* PGDrawerExample */,
			);
		};
/* End PBXProject section */

/* Begin PBXResourcesBuildPhase section */
		1800D46A1CA1332100D150EE /* Resources */ = {
			isa = PBXResourcesBuildPhase;
			buildActionMask = 2147483647;
			files = (
				1800D47F1CA1332200D150EE /* LaunchScreen.storyboard in Resources */,
				1800D47C1CA1332200D150EE /* Assets.xcassets in Resources */,
			);
			runOnlyForDeploymentPostprocessing = 0;
		};
/* End PBXResourcesBuildPhase section */

/* Begin PBXSourcesBuildPhase section */
		1800D4681CA1332100D150EE /* Sources */ = {
			isa = PBXSourcesBuildPhase;
			buildActionMask = 2147483647;
			files = (
				180AEA011CAA7E590024FF2D /* ExamCenterViewController.m in Sources */,
				180730091CA27AF200E760AD /* PGDrawerTransition.m in Sources */,
				1800D4881CA137F100D150EE /* PGDrawerViewContainer.m in Sources */,
				1800D4741CA1332100D150EE /* AppDelegate.m in Sources */,
				1800D4711CA1332100D150EE /* main.m in Sources */,
			);
			runOnlyForDeploymentPostprocessing = 0;
		};
/* End PBXSourcesBuildPhase section */

/* Begin PBXVariantGroup section */
		1800D47D1CA1332200D150EE /* LaunchScreen.storyboard */ = {
			isa = PBXVariantGroup;
			children = (
				1800D47E1CA1332200D150EE /* Base */,
			);
			name = LaunchScreen.storyboard;
			sourceTree = "<group>";
		};
/* End PBXVariantGroup section */

/* Begin XCBuildConfiguration section */
		1800D4811CA1332200D150EE /* Debug */ = {
			isa = XCBuildConfiguration;
			buildSettings = {
				ALWAYS_SEARCH_USER_PATHS = NO;
				CLANG_CXX_LANGUAGE_STANDARD = "gnu++0x";
				CLANG_CXX_LIBRARY = "libc++";
				CLANG_ENABLE_MODULES = YES;
				CLANG_ENABLE_OBJC_ARC = YES;
				CLANG_WARN_BOOL_CONVERSION = YES;
				CLANG_WARN_CONSTANT_CONVERSION = YES;
				CLANG_WARN_DIRECT_OBJC_ISA_USAGE = YES_ERROR;
				CLANG_WARN_EMPTY_BODY = YES;
				CLANG_WARN_ENUM_CONVERSION = YES;
				CLANG_WARN_INT_CONVERSION = YES;
				CLANG_WARN_OBJC_ROOT_CLASS = YES_ERROR;
				CLANG_WARN_UNREACHABLE_CODE = YES;
				CLANG_WARN__DUPLICATE_METHOD_MATCH = YES;
				"CODE_SIGN_IDENTITY[sdk=iphoneos*]" = "iPhone Developer";
				COPY_PHASE_STRIP = NO;
				DEBUG_INFORMATION_FORMAT = dwarf;
				ENABLE_STRICT_OBJC_MSGSEND = YES;
				ENABLE_TESTABILITY = YES;
				GCC_C_LANGUAGE_STANDARD = gnu99;
				GCC_DYNAMIC_NO_PIC = NO;
				GCC_NO_COMMON_BLOCKS = YES;
				GCC_OPTIMIZATION_LEVEL = 0;
				GCC_PREPROCESSOR_DEFINITIONS = (
					"DEBUG=1",
					"$(inherited)",
				);
				GCC_WARN_64_TO_32_BIT_CONVERSION = YES;
				GCC_WARN_ABOUT_RETURN_TYPE = YES_ERROR;
				GCC_WARN_UNDECLARED_SELECTOR = YES;
				GCC_WARN_UNINITIALIZED_AUTOS = YES_AGGRESSIVE;
				GCC_WARN_UNUSED_FUNCTION = YES;
				GCC_WARN_UNUSED_VARIABLE = YES;
				IPHONEOS_DEPLOYMENT_TARGET = 9.2;
				MTL_ENABLE_DEBUG_INFO = YES;
				ONLY_ACTIVE_ARCH = YES;
				SDKROOT = iphoneos;
			};
			name = Debug;
		};
		1800D4821CA1332200D150EE /* Release */ = {
			isa = XCBuildConfiguration;
			buildSettings = {
				ALWAYS_SEARCH_USER_PATHS = NO;
				CLANG_CXX_LANGUAGE_STANDARD = "gnu++0x";
				CLANG_CXX_LIBRARY = "libc++";
				CLANG_ENABLE_MODULES = YES;
				CLANG_ENABLE_OBJC_ARC = YES;
				CLANG_WARN_BOOL_CONVERSION = YES;
				CLANG_WARN_CONSTANT_CONVERSION = YES;
				CLANG_WARN_DIRECT_OBJC_ISA_USAGE = YES_ERROR;
				CLANG_WARN_EMPTY_BODY = YES;
				CLANG_WARN_ENUM_CONVERSION = YES;
				CLANG_WARN_INT_CONVERSION = YES;
				CLANG_WARN_OBJC_ROOT_CLASS = YES_ERROR;
				CLANG_WARN_UNREACHABLE_CODE = YES;
				CLANG_WARN__DUPLICATE_METHOD_MATCH = YES;
				"CODE_SIGN_IDENTITY[sdk=iphoneos*]" = "iPhone Developer";
				COPY_PHASE_STRIP = NO;
				DEBUG_INFORMATION_FORMAT = "dwarf-with-dsym";
				ENABLE_NS_ASSERTIONS = NO;
				ENABLE_STRICT_OBJC_MSGSEND = YES;
				GCC_C_LANGUAGE_STANDARD = gnu99;
				GCC_NO_COMMON_BLOCKS = YES;
				GCC_WARN_64_TO_32_BIT_CONVERSION = YES;
				GCC_WARN_ABOUT_RETURN_TYPE = YES_ERROR;
				GCC_WARN_UNDECLARED_SELECTOR = YES;
				GCC_WARN_UNINITIALIZED_AUTOS = YES_AGGRESSIVE;
				GCC_WARN_UNUSED_FUNCTION = YES;
				GCC_WARN_UNUSED_VARIABLE = YES;
				IPHONEOS_DEPLOYMENT_TARGET = 9.2;
				MTL_ENABLE_DEBUG_INFO = NO;
				SDKROOT = iphoneos;
				VALIDATE_PRODUCT = YES;
			};
			name = Release;
		};
		1800D4841CA1332200D150EE /* Debug */ = {
			isa = XCBuildConfiguration;
			buildSettings = {
				ASSETCATALOG_COMPILER_APPICON_NAME = AppIcon;
				INFOPLIST_FILE = PGDrawerExample/Info.plist;
				LD_RUNPATH_SEARCH_PATHS = "$(inherited) @executable_path/Frameworks";
				PRODUCT_BUNDLE_IDENTIFIER = com.pagong.drawer.test.PGDrawerExample;
				PRODUCT_NAME = "$(TARGET_NAME)";
			};
			name = Debug;
		};
		1800D4851CA1332200D150EE /* Release */ = {
			isa = XCBuildConfiguration;
			buildSettings = {
				ASSETCATALOG_COMPILER_APPICON_NAME = AppIcon;
				INFOPLIST_FILE = PGDrawerExample/Info.plist;
				LD_RUNPATH_SEARCH_PATHS = "$(inherited) @executable_path/Frameworks";
				PRODUCT_BUNDLE_IDENTIFIER = com.pagong.drawer.test.PGDrawerExample;
				PRODUCT_NAME = "$(TARGET_NAME)";
			};
			name = Release;
		};
/* End XCBuildConfiguration section */

/* Begin XCConfigurationList section */
		1800D4671CA1332100D150EE /* Build configuration list for PBXProject "PGDrawerExample" */ = {
			isa = XCConfigurationList;
			buildConfigurations = (
				1800D4811CA1332200D150EE /* Debug */,
				1800D4821CA1332200D150EE /* Release */,
			);
			defaultConfigurationIsVisible = 0;
			defaultConfigurationName = Release;
		};
		1800D4831CA1332200D150EE /* Build configuration list for PBXNativeTarget "PGDrawerExample" */ = {
			isa = XCConfigurationList;
			buildConfigurations = (
				1800D4841CA1332200D150EE /* Debug */,
				1800D4851CA1332200D150EE /* Release */,
			);
			defaultConfigurationIsVisible = 0;
			defaultConfigurationName = Release;
		};
/* End XCConfigurationList section */
	};
	rootObject = 1800D4641CA1332100D150EE /* Project object */;
}
