// !$*UTF8*$!
{
	archiveVersion = 1;
	classes = {
	};
	objectVersion = 46;
	objects = {

/* Begin PBXBuildFile section */
		9186F31E1E778FA000609F2A /* AppDelegate.swift in Sources */ = {isa = PBXBuildFile; fileRef = 9186F31D1E778FA000609F2A /* AppDelegate.swift */; };
		9186F3201E778FA000609F2A /* ViewController.swift in Sources */ = {isa = PBXBuildFile; fileRef = 9186F31F1E778FA000609F2A /* ViewController.swift */; };
		9186F3231E778FA000609F2A /* Main.storyboard in Resources */ = {isa = PBXBuildFile; fileRef = 9186F3211E778FA000609F2A /* Main.storyboard */; };
		9186F3251E778FA000609F2A /* Assets.xcassets in Resources */ = {isa = PBXBuildFile; fileRef = 9186F3241E778FA000609F2A /* Assets.xcassets */; };
		9186F3281E778FA000609F2A /* LaunchScreen.storyboard in Resources */ = {isa = PBXBuildFile; fileRef = 9186F3261E778FA000609F2A /* LaunchScreen.storyboard */; };
		9186F3301E77900000609F2A /* MenuViewController.swift in Sources */ = {isa = PBXBuildFile; fileRef = 9186F32F1E77900000609F2A /* MenuViewController.swift */; };
		9186F3331E7790D900609F2A /* DrawerTransition.swift in Sources */ = {isa = PBXBuildFile; fileRef = 9186F3321E7790D900609F2A /* DrawerTransition.swift */; };
/* End PBXBuildFile section */

/* Begin PBXFileReference section */
		9186F31A1E778FA000609F2A /* PGDrawerExample.app */ = {isa = PBXFileReference; explicitFileType = wrapper.application; includeInIndex = 0; path = PGDrawerExample.app; sourceTree = BUILT_PRODUCTS_DIR; };
		9186F31D1E778FA000609F2A /* AppDelegate.swift */ = {isa = PBXFileReference; lastKnownFileType = sourcecode.swift; path = AppDelegate.swift; sourceTree = "<group>"; };
		9186F31F1E778FA000609F2A /* ViewController.swift */ = {isa = PBXFileReference; lastKnownFileType = sourcecode.swift; path = ViewController.swift; sourceTree = "<group>"; };
		9186F3221E778FA000609F2A /* Base */ = {isa = PBXFileReference; lastKnownFileType = file.storyboard; name = Base; path = Base.lproj/Main.storyboard; sourceTree = "<group>"; };
		9186F3241E778FA000609F2A /* Assets.xcassets */ = {isa = PBXFileReference; lastKnownFileType = folder.assetcatalog; path = Assets.xcassets; sourceTree = "<group>"; };
		9186F3271E778FA000609F2A /* Base */ = {isa = PBXFileReference; lastKnownFileType = file.storyboard; name = Base; path = Base.lproj/LaunchScreen.storyboard; sourceTree = "<group>"; };
		9186F3291E778FA000609F2A /* Info.plist */ = {isa = PBXFileReference; lastKnownFileType = text.plist.xml; path = Info.plist; sourceTree = "<group>"; };
		9186F32F1E77900000609F2A /* MenuViewController.swift */ = {isa = PBXFileReference; fileEncoding = 4; lastKnownFileType = sourcecode.swift; path = MenuViewController.swift; sourceTree = "<group>"; };
		9186F3321E7790D900609F2A /* DrawerTransition.swift */ = {isa = PBXFileReference; fileEncoding = 4; lastKnownFileType = sourcecode.swift; name = DrawerTransition.swift; path = ../../Pod/Classes/DrawerTransition.swift; sourceTree = "<group>"; };
/* End PBXFileReference section */

/* Begin PBXFrameworksBuildPhase section */
		9186F3171E778FA000609F2A /* Frameworks */ = {
			isa = PBXFrameworksBuildPhase;
			buildActionMask = 2147483647;
			files = (
			);
			runOnlyForDeploymentPostprocessing = 0;
		};
/* End PBXFrameworksBuildPhase section */

/* Begin PBXGroup section */
		9186F3111E778FA000609F2A = {
			isa = PBXGroup;
			children = (
				9186F31C1E778FA000609F2A /* PGDrawerExample */,
				9186F31B1E778FA000609F2A /* Products */,
			);
			sourceTree = "<group>";
		};
		9186F31B1E778FA000609F2A /* Products */ = {
			isa = PBXGroup;
			children = (
				9186F31A1E778FA000609F2A /* PGDrawerExample.app */,
			);
			name = Products;
			sourceTree = "<group>";
		};
		9186F31C1E778FA000609F2A /* PGDrawerExample */ = {
			isa = PBXGroup;
			children = (
				9186F3311E7790CA00609F2A /* Vender */,
				9186F31D1E778FA000609F2A /* AppDelegate.swift */,
				9186F31F1E778FA000609F2A /* ViewController.swift */,
				9186F32F1E77900000609F2A /* MenuViewController.swift */,
				9186F3211E778FA000609F2A /* Main.storyboard */,
				9186F3241E778FA000609F2A /* Assets.xcassets */,
				9186F3261E778FA000609F2A /* LaunchScreen.storyboard */,
				9186F3291E778FA000609F2A /* Info.plist */,
			);
			path = PGDrawerExample;
			sourceTree = "<group>";
		};
		9186F3311E7790CA00609F2A /* Vender */ = {
			isa = PBXGroup;
			children = (
				9186F3321E7790D900609F2A /* DrawerTransition.swift */,
			);
			name = Vender;
			sourceTree = "<group>";
		};
/* End PBXGroup section */

/* Begin PBXNativeTarget section */
		9186F3191E778FA000609F2A /* PGDrawerExample */ = {
			isa = PBXNativeTarget;
			buildConfigurationList = 9186F32C1E778FA000609F2A /* Build configuration list for PBXNativeTarget "PGDrawerExample" */;
			buildPhases = (
				9186F3161E778FA000609F2A /* Sources */,
				9186F3171E778FA000609F2A /* Frameworks */,
				9186F3181E778FA000609F2A /* Resources */,
			);
			buildRules = (
			);
			dependencies = (
			);
			name = PGDrawerExample;
			productName = PGDrawerExample;
			productReference = 9186F31A1E778FA000609F2A /* PGDrawerExample.app */;
			productType = "com.apple.product-type.application";
		};
/* End PBXNativeTarget section */

/* Begin PBXProject section */
		9186F3121E778FA000609F2A /* Project object */ = {
			isa = PBXProject;
			attributes = {
				LastSwiftUpdateCheck = 0820;
				LastUpgradeCheck = 0820;
				ORGANIZATIONNAME = ipagong;
				TargetAttributes = {
					9186F3191E778FA000609F2A = {
						CreatedOnToolsVersion = 8.2.1;
						ProvisioningStyle = Automatic;
					};
				};
			};
			buildConfigurationList = 9186F3151E778FA000609F2A /* Build configuration list for PBXProject "PGDrawerExample" */;
			compatibilityVersion = "Xcode 3.2";
			developmentRegion = English;
			hasScannedForEncodings = 0;
			knownRegions = (
				en,
				Base,
			);
			mainGroup = 9186F3111E778FA000609F2A;
			productRefGroup = 9186F31B1E778FA000609F2A /* Products */;
			projectDirPath = "";
			projectRoot = "";
			targets = (
				9186F3191E778FA000609F2A /* PGDrawerExample */,
			);
		};
/* End PBXProject section */

/* Begin PBXResourcesBuildPhase section */
		9186F3181E778FA000609F2A /* Resources */ = {
			isa = PBXResourcesBuildPhase;
			buildActionMask = 2147483647;
			files = (
				9186F3281E778FA000609F2A /* LaunchScreen.storyboard in Resources */,
				9186F3251E778FA000609F2A /* Assets.xcassets in Resources */,
				9186F3231E778FA000609F2A /* Main.storyboard in Resources */,
			);
			runOnlyForDeploymentPostprocessing = 0;
		};
/* End PBXResourcesBuildPhase section */

/* Begin PBXSourcesBuildPhase section */
		9186F3161E778FA000609F2A /* Sources */ = {
			isa = PBXSourcesBuildPhase;
			buildActionMask = 2147483647;
			files = (
				9186F3201E778FA000609F2A /* ViewController.swift in Sources */,
				9186F3331E7790D900609F2A /* DrawerTransition.swift in Sources */,
				9186F3301E77900000609F2A /* MenuViewController.swift in Sources */,
				9186F31E1E778FA000609F2A /* AppDelegate.swift in Sources */,
			);
			runOnlyForDeploymentPostprocessing = 0;
		};
/* End PBXSourcesBuildPhase section */

/* Begin PBXVariantGroup section */
		9186F3211E778FA000609F2A /* Main.storyboard */ = {
			isa = PBXVariantGroup;
			children = (
				9186F3221E778FA000609F2A /* Base */,
			);
			name = Main.storyboard;
			sourceTree = "<group>";
		};
		9186F3261E778FA000609F2A /* LaunchScreen.storyboard */ = {
			isa = PBXVariantGroup;
			children = (
				9186F3271E778FA000609F2A /* Base */,
			);
			name = LaunchScreen.storyboard;
			sourceTree = "<group>";
		};
/* End PBXVariantGroup section */

/* Begin XCBuildConfiguration section */
		9186F32A1E778FA000609F2A /* Debug */ = {
			isa = XCBuildConfiguration;
			buildSettings = {
				ALWAYS_SEARCH_USER_PATHS = NO;
				CLANG_ANALYZER_NONNULL = YES;
				CLANG_CXX_LANGUAGE_STANDARD = "gnu++0x";
				CLANG_CXX_LIBRARY = "libc++";
				CLANG_ENABLE_MODULES = YES;
				CLANG_ENABLE_OBJC_ARC = YES;
				CLANG_WARN_BOOL_CONVERSION = YES;
				CLANG_WARN_CONSTANT_CONVERSION = YES;
				CLANG_WARN_DIRECT_OBJC_ISA_USAGE = YES_ERROR;
				CLANG_WARN_DOCUMENTATION_COMMENTS = YES;
				CLANG_WARN_EMPTY_BODY = YES;
				CLANG_WARN_ENUM_CONVERSION = YES;
				CLANG_WARN_INFINITE_RECURSION = YES;
				CLANG_WARN_INT_CONVERSION = YES;
				CLANG_WARN_OBJC_ROOT_CLASS = YES_ERROR;
				CLANG_WARN_SUSPICIOUS_MOVE = YES;
				CLANG_WARN_UNREACHABLE_CODE = YES;
				CLANG_WARN__DUPLICATE_METHOD_MATCH = YES;
				"CODE_SIGN_IDENTITY[sdk=iphoneos*]" = "iPhone Developer";
				COPY_PHASE_STRIP = NO;
				DEBUG_INFORMATION_FORMAT = dwarf;
				ENABLE_STRICT_OBJC_MSGSEND = YES;
				ENABLE_TESTABILITY = YES;
				GCC_C_LANGUAGE_STANDARD = gnu99;
				GCC_DYNAMIC_NO_PIC = NO;
				GCC_NO_COMMON_BLOCKS = YES;
				GCC_OPTIMIZATION_LEVEL = 0;
				GCC_PREPROCESSOR_DEFINITIONS = (
					"DEBUG=1",
					"$(inherited)",
				);
				GCC_WARN_64_TO_32_BIT_CONVERSION = YES;
				GCC_WARN_ABOUT_RETURN_TYPE = YES_ERROR;
				GCC_WARN_UNDECLARED_SELECTOR = YES;
				GCC_WARN_UNINITIALIZED_AUTOS = YES_AGGRESSIVE;
				GCC_WARN_UNUSED_FUNCTION = YES;
				GCC_WARN_UNUSED_VARIABLE = YES;
				IPHONEOS_DEPLOYMENT_TARGET = 10.2;
				MTL_ENABLE_DEBUG_INFO = YES;
				ONLY_ACTIVE_ARCH = YES;
				SDKROOT = iphoneos;
				SWIFT_ACTIVE_COMPILATION_CONDITIONS = DEBUG;
				SWIFT_OPTIMIZATION_LEVEL = "-Onone";
			};
			name = Debug;
		};
		9186F32B1E778FA000609F2A /* Release */ = {
			isa = XCBuildConfiguration;
			buildSettings = {
				ALWAYS_SEARCH_USER_PATHS = NO;
				CLANG_ANALYZER_NONNULL = YES;
				CLANG_CXX_LANGUAGE_STANDARD = "gnu++0x";
				CLANG_CXX_LIBRARY = "libc++";
				CLANG_ENABLE_MODULES = YES;
				CLANG_ENABLE_OBJC_ARC = YES;
				CLANG_WARN_BOOL_CONVERSION = YES;
				CLANG_WARN_CONSTANT_CONVERSION = YES;
				CLANG_WARN_DIRECT_OBJC_ISA_USAGE = YES_ERROR;
				CLANG_WARN_DOCUMENTATION_COMMENTS = YES;
				CLANG_WARN_EMPTY_BODY = YES;
				CLANG_WARN_ENUM_CONVERSION = YES;
				CLANG_WARN_INFINITE_RECURSION = YES;
				CLANG_WARN_INT_CONVERSION = YES;
				CLANG_WARN_OBJC_ROOT_CLASS = YES_ERROR;
				CLANG_WARN_SUSPICIOUS_MOVE = YES;
				CLANG_WARN_UNREACHABLE_CODE = YES;
				CLANG_WARN__DUPLICATE_METHOD_MATCH = YES;
				"CODE_SIGN_IDENTITY[sdk=iphoneos*]" = "iPhone Developer";
				COPY_PHASE_STRIP = NO;
				DEBUG_INFORMATION_FORMAT = "dwarf-with-dsym";
				ENABLE_NS_ASSERTIONS = NO;
				ENABLE_STRICT_OBJC_MSGSEND = YES;
				GCC_C_LANGUAGE_STANDARD = gnu99;
				GCC_NO_COMMON_BLOCKS = YES;
				GCC_WARN_64_TO_32_BIT_CONVERSION = YES;
				GCC_WARN_ABOUT_RETURN_TYPE = YES_ERROR;
				GCC_WARN_UNDECLARED_SELECTOR = YES;
				GCC_WARN_UNINITIALIZED_AUTOS = YES_AGGRESSIVE;
				GCC_WARN_UNUSED_FUNCTION = YES;
				GCC_WARN_UNUSED_VARIABLE = YES;
				IPHONEOS_DEPLOYMENT_TARGET = 10.2;
				MTL_ENABLE_DEBUG_INFO = NO;
				SDKROOT = iphoneos;
				SWIFT_OPTIMIZATION_LEVEL = "-Owholemodule";
				VALIDATE_PRODUCT = YES;
			};
			name = Release;
		};
		9186F32D1E778FA000609F2A /* Debug */ = {
			isa = XCBuildConfiguration;
			buildSettings = {
				ASSETCATALOG_COMPILER_APPICON_NAME = AppIcon;
				INFOPLIST_FILE = PGDrawerExample/Info.plist;
				LD_RUNPATH_SEARCH_PATHS = "$(inherited) @executable_path/Frameworks";
				PRODUCT_BUNDLE_IDENTIFIER = com.pagong.PGDrawerExample;
				PRODUCT_NAME = "$(TARGET_NAME)";
				SWIFT_VERSION = 4.0;
			};
			name = Debug;
		};
		9186F32E1E778FA000609F2A /* Release */ = {
			isa = XCBuildConfiguration;
			buildSettings = {
				ASSETCATALOG_COMPILER_APPICON_NAME = AppIcon;
				INFOPLIST_FILE = PGDrawerExample/Info.plist;
				LD_RUNPATH_SEARCH_PATHS = "$(inherited) @executable_path/Frameworks";
				PRODUCT_BUNDLE_IDENTIFIER = com.pagong.PGDrawerExample;
				PRODUCT_NAME = "$(TARGET_NAME)";
				SWIFT_VERSION = 4.0;
			};
			name = Release;
		};
/* End XCBuildConfiguration section */

/* Begin XCConfigurationList section */
		9186F3151E778FA000609F2A /* Build configuration list for PBXProject "PGDrawerExample" */ = {
			isa = XCConfigurationList;
			buildConfigurations = (
				9186F32A1E778FA000609F2A /* Debug */,
				9186F32B1E778FA000609F2A /* Release */,
			);
			defaultConfigurationIsVisible = 0;
			defaultConfigurationName = Release;
		};
		9186F32C1E778FA000609F2A /* Build configuration list for PBXNativeTarget "PGDrawerExample" */ = {
			isa = XCConfigurationList;
			buildConfigurations = (
				9186F32D1E778FA000609F2A /* Debug */,
				9186F32E1E778FA000609F2A /* Release */,
			);
			defaultConfigurationIsVisible = 0;
			defaultConfigurationName = Release;
		};
/* End XCConfigurationList section */
	};
	rootObject = 9186F3121E778FA000609F2A /* Project object */;
}
